
Microsoft Visual Studio Solution File, Format Version 12.00
# Visual Studio Version 17
VisualStudioVersion = 17.9.34902.65
MinimumVisualStudioVersion = 10.0.40219.1
Project("{FAE04EC0-301F-11D3-BF4B-00C04F79EFBC}") = "AiTicketsClassifierWithTools.Api", "AiTicketsClassifierWithTools.Api\AiTicketsClassifierWithTools.Api.csproj", "{43231DD5-4141-46C9-BC4B-F2C1061409C9}"
EndProject
Global
	GlobalSection(SolutionConfigurationPlatforms) = preSolution
		Debug|Any CPU = Debug|Any CPU
		Release|Any CPU = Release|Any CPU
	EndGlobalSection
	GlobalSection(ProjectConfigurationPlatforms) = postSolution
		{43231DD5-4141-46C9-BC4B-F2C1061409C9}.Debug|Any CPU.ActiveCfg = Debug|Any CPU
		{43231DD5-4141-46C9-BC4B-F2C1061409C9}.Debug|Any CPU.Build.0 = Debug|Any CPU
		{43231DD5-4141-46C9-BC4B-F2C1061409C9}.Release|Any CPU.ActiveCfg = Release|Any CPU
		{43231DD5-4141-46C9-BC4B-F2C1061409C9}.Release|Any CPU.Build.0 = Release|Any CPU
	EndGlobalSection
	GlobalSection(SolutionProperties) = preSolution
		HideSolutionNode = FALSE
	EndGlobalSection
	GlobalSection(ExtensibilityGlobals) = postSolution
		SolutionGuid = {213DA83F-1164-468A-934E-BF8919F6D232}
	EndGlobalSection
EndGlobal
